
Microsoft Visual Studio Solution File, Format Version 12.00
# Visual Studio Version 17
VisualStudioVersion = 17.5.002.0
MinimumVisualStudioVersion = 10.0.40219.1
Project("{9A19103F-16F7-4668-BE54-9A1E7A4F7556}") = "Api", "Api.csproj", "{B50EA10F-246B-4A98-AA9A-5E376A5CC276}"
EndProject
Global
	GlobalSection(SolutionConfigurationPlatforms) = preSolution
		Debug|Any CPU = Debug|Any CPU
		Release|Any CPU = Release|Any CPU
	EndGlobalSection
	GlobalSection(ProjectConfigurationPlatforms) = postSolution
		{B50EA10F-246B-4A98-AA9A-5E376A5CC276}.Debug|Any CPU.ActiveCfg = Debug|Any CPU
		{B50EA10F-246B-4A98-AA9A-5E376A5CC276}.Debug|Any CPU.Build.0 = Debug|Any CPU
		{B50EA10F-246B-4A98-AA9A-5E376A5CC276}.Release|Any CPU.ActiveCfg = Release|Any CPU
		{B50EA10F-246B-4A98-AA9A-5E376A5CC276}.Release|Any CPU.Build.0 = Release|Any CPU
	EndGlobalSection
	GlobalSection(SolutionProperties) = preSolution
		HideSolutionNode = FALSE
	EndGlobalSection
	GlobalSection(ExtensibilityGlobals) = postSolution
		SolutionGuid = {B0F1B59C-5AEB-4D7E-95B2-502B2B9AB167}
	EndGlobalSection
EndGlobal
